# THIS IS AN AUTOGENERATED FILE. DO NOT EDIT THIS FILE DIRECTLY.
# yarn lockfile v1


jquery@^3.2.1:
  version "3.2.1"
  resolved "https://registry.yarnpkg.com/jquery/-/jquery-3.2.1.tgz#5c4d9de652af6cd0a770154a631bba12b015c787"

material-design-icons@^3.0.1:
  version "3.0.1"
  resolved "https://registry.yarnpkg.com/material-design-icons/-/material-design-icons-3.0.1.tgz#9a71c48747218ebca51e51a66da682038cdcb7bf"

material-design-lite@*, material-design-lite@^1.3.0:
  version "1.3.0"
  resolved "https://registry.yarnpkg.com/material-design-lite/-/material-design-lite-1.3.0.tgz#d004ce3fee99a1eeb74a78b8a325134a5f1171d3"

mdl-components-ext@^1.6.9:
  version "1.6.9"
  resolved "https://registry.yarnpkg.com/mdl-components-ext/-/mdl-components-ext-1.6.9.tgz#38971e609ad0c6d5c859c4d1c2324e149a3d9fe5"
  dependencies:
    material-design-lite "*"
